
Microsoft Visual Studio Solution File, Format Version 12.00
# Visual Studio 15
VisualStudioVersion = 15.0.28307.168
MinimumVisualStudioVersion = 10.0.40219.1
Project("{FAE04EC0-301F-11D3-BF4B-00C04F79EFBC}") = "Q1", "Q1\Q1.csproj", "{C948F9C0-F7BD-4BD1-B6E7-1BA8FF19CD11}"
EndProject
Project("{FAE04EC0-301F-11D3-BF4B-00C04F79EFBC}") = "Q2", "Q2\Q2.csproj", "{1FA25632-3FD8-4CC4-A7E6-54EA1DA18411}"
EndProject
Project("{FAE04EC0-301F-11D3-BF4B-00C04F79EFBC}") = "Q3", "Q3\Q3.csproj", "{70D4D86D-EF82-478D-91B4-F9165AD77301}"
EndProject
Global
	GlobalSection(SolutionConfigurationPlatforms) = preSolution
		Debug|Any CPU = Debug|Any CPU
		Release|Any CPU = Release|Any CPU
	EndGlobalSection
	GlobalSection(ProjectConfigurationPlatforms) = postSolution
		{C948F9C0-F7BD-4BD1-B6E7-1BA8FF19CD11}.Debug|Any CPU.ActiveCfg = Debug|Any CPU
		{C948F9C0-F7BD-4BD1-B6E7-1BA8FF19CD11}.Debug|Any CPU.Build.0 = Debug|Any CPU
		{C948F9C0-F7BD-4BD1-B6E7-1BA8FF19CD11}.Release|Any CPU.ActiveCfg = Release|Any CPU
		{C948F9C0-F7BD-4BD1-B6E7-1BA8FF19CD11}.Release|Any CPU.Build.0 = Release|Any CPU
		{1FA25632-3FD8-4CC4-A7E6-54EA1DA18411}.Debug|Any CPU.ActiveCfg = Debug|Any CPU
		{1FA25632-3FD8-4CC4-A7E6-54EA1DA18411}.Debug|Any CPU.Build.0 = Debug|Any CPU
		{1FA25632-3FD8-4CC4-A7E6-54EA1DA18411}.Release|Any CPU.ActiveCfg = Release|Any CPU
		{1FA25632-3FD8-4CC4-A7E6-54EA1DA18411}.Release|Any CPU.Build.0 = Release|Any CPU
		{70D4D86D-EF82-478D-91B4-F9165AD77301}.Debug|Any CPU.ActiveCfg = Debug|Any CPU
		{70D4D86D-EF82-478D-91B4-F9165AD77301}.Debug|Any CPU.Build.0 = Debug|Any CPU
		{70D4D86D-EF82-478D-91B4-F9165AD77301}.Release|Any CPU.ActiveCfg = Release|Any CPU
		{70D4D86D-EF82-478D-91B4-F9165AD77301}.Release|Any CPU.Build.0 = Release|Any CPU
	EndGlobalSection
	GlobalSection(SolutionProperties) = preSolution
		HideSolutionNode = FALSE
	EndGlobalSection
	GlobalSection(ExtensibilityGlobals) = postSolution
		SolutionGuid = {11B6159D-86D4-4D8B-846C-AF7B75D98A0B}
	EndGlobalSection
EndGlobal
