
Microsoft Visual Studio Solution File, Format Version 12.00
# Visual Studio 15
VisualStudioVersion = 15.0.28307.168
MinimumVisualStudioVersion = 10.0.40219.1
Project("{FAE04EC0-301F-11D3-BF4B-00C04F79EFBC}") = "Q1", "Q1\Q1.csproj", "{E17FD513-5442-4F79-88B3-0CADA469E330}"
EndProject
Project("{FAE04EC0-301F-11D3-BF4B-00C04F79EFBC}") = "Q2", "Q2\Q2.csproj", "{73D7604E-A138-455C-AE94-2E1605777B9F}"
EndProject
Project("{FAE04EC0-301F-11D3-BF4B-00C04F79EFBC}") = "Q3", "Q3\Q3.csproj", "{0A9AEC20-314F-49D5-BEA3-618727FBAAA9}"
EndProject
Project("{FAE04EC0-301F-11D3-BF4B-00C04F79EFBC}") = "Q4", "Q4\Q4.csproj", "{CAC20936-07F5-43E4-9286-2E21BB07A415}"
EndProject
Project("{FAE04EC0-301F-11D3-BF4B-00C04F79EFBC}") = "Q5", "Q5\Q5.csproj", "{A50DC2D2-F0EB-408B-A068-86E777A67506}"
EndProject
Project("{FAE04EC0-301F-11D3-BF4B-00C04F79EFBC}") = "Q6", "Q6\Q6.csproj", "{899750D7-84EB-4609-A81A-9A413A3C9D6D}"
EndProject
Project("{FAE04EC0-301F-11D3-BF4B-00C04F79EFBC}") = "Q7", "Q7\Q7.csproj", "{24D7153E-2873-4759-B177-A7657B1CF312}"
EndProject
Project("{FAE04EC0-301F-11D3-BF4B-00C04F79EFBC}") = "Q8", "Q8\Q8.csproj", "{1F591F7D-B22F-41AD-9D4D-075B7B53EB9B}"
EndProject
Global
	GlobalSection(SolutionConfigurationPlatforms) = preSolution
		Debug|Any CPU = Debug|Any CPU
		Release|Any CPU = Release|Any CPU
	EndGlobalSection
	GlobalSection(ProjectConfigurationPlatforms) = postSolution
		{E17FD513-5442-4F79-88B3-0CADA469E330}.Debug|Any CPU.ActiveCfg = Debug|Any CPU
		{E17FD513-5442-4F79-88B3-0CADA469E330}.Debug|Any CPU.Build.0 = Debug|Any CPU
		{E17FD513-5442-4F79-88B3-0CADA469E330}.Release|Any CPU.ActiveCfg = Release|Any CPU
		{E17FD513-5442-4F79-88B3-0CADA469E330}.Release|Any CPU.Build.0 = Release|Any CPU
		{73D7604E-A138-455C-AE94-2E1605777B9F}.Debug|Any CPU.ActiveCfg = Debug|Any CPU
		{73D7604E-A138-455C-AE94-2E1605777B9F}.Debug|Any CPU.Build.0 = Debug|Any CPU
		{73D7604E-A138-455C-AE94-2E1605777B9F}.Release|Any CPU.ActiveCfg = Release|Any CPU
		{73D7604E-A138-455C-AE94-2E1605777B9F}.Release|Any CPU.Build.0 = Release|Any CPU
		{0A9AEC20-314F-49D5-BEA3-618727FBAAA9}.Debug|Any CPU.ActiveCfg = Debug|Any CPU
		{0A9AEC20-314F-49D5-BEA3-618727FBAAA9}.Debug|Any CPU.Build.0 = Debug|Any CPU
		{0A9AEC20-314F-49D5-BEA3-618727FBAAA9}.Release|Any CPU.ActiveCfg = Release|Any CPU
		{0A9AEC20-314F-49D5-BEA3-618727FBAAA9}.Release|Any CPU.Build.0 = Release|Any CPU
		{CAC20936-07F5-43E4-9286-2E21BB07A415}.Debug|Any CPU.ActiveCfg = Debug|Any CPU
		{CAC20936-07F5-43E4-9286-2E21BB07A415}.Debug|Any CPU.Build.0 = Debug|Any CPU
		{CAC20936-07F5-43E4-9286-2E21BB07A415}.Release|Any CPU.ActiveCfg = Release|Any CPU
		{CAC20936-07F5-43E4-9286-2E21BB07A415}.Release|Any CPU.Build.0 = Release|Any CPU
		{A50DC2D2-F0EB-408B-A068-86E777A67506}.Debug|Any CPU.ActiveCfg = Debug|Any CPU
		{A50DC2D2-F0EB-408B-A068-86E777A67506}.Debug|Any CPU.Build.0 = Debug|Any CPU
		{A50DC2D2-F0EB-408B-A068-86E777A67506}.Release|Any CPU.ActiveCfg = Release|Any CPU
		{A50DC2D2-F0EB-408B-A068-86E777A67506}.Release|Any CPU.Build.0 = Release|Any CPU
		{899750D7-84EB-4609-A81A-9A413A3C9D6D}.Debug|Any CPU.ActiveCfg = Debug|Any CPU
		{899750D7-84EB-4609-A81A-9A413A3C9D6D}.Debug|Any CPU.Build.0 = Debug|Any CPU
		{899750D7-84EB-4609-A81A-9A413A3C9D6D}.Release|Any CPU.ActiveCfg = Release|Any CPU
		{899750D7-84EB-4609-A81A-9A413A3C9D6D}.Release|Any CPU.Build.0 = Release|Any CPU
		{24D7153E-2873-4759-B177-A7657B1CF312}.Debug|Any CPU.ActiveCfg = Debug|Any CPU
		{24D7153E-2873-4759-B177-A7657B1CF312}.Debug|Any CPU.Build.0 = Debug|Any CPU
		{24D7153E-2873-4759-B177-A7657B1CF312}.Release|Any CPU.ActiveCfg = Release|Any CPU
		{24D7153E-2873-4759-B177-A7657B1CF312}.Release|Any CPU.Build.0 = Release|Any CPU
		{1F591F7D-B22F-41AD-9D4D-075B7B53EB9B}.Debug|Any CPU.ActiveCfg = Debug|Any CPU
		{1F591F7D-B22F-41AD-9D4D-075B7B53EB9B}.Debug|Any CPU.Build.0 = Debug|Any CPU
		{1F591F7D-B22F-41AD-9D4D-075B7B53EB9B}.Release|Any CPU.ActiveCfg = Release|Any CPU
		{1F591F7D-B22F-41AD-9D4D-075B7B53EB9B}.Release|Any CPU.Build.0 = Release|Any CPU
	EndGlobalSection
	GlobalSection(SolutionProperties) = preSolution
		HideSolutionNode = FALSE
	EndGlobalSection
	GlobalSection(ExtensibilityGlobals) = postSolution
		SolutionGuid = {82E2CD5B-5006-4B4E-83C8-5170B1C10F21}
	EndGlobalSection
EndGlobal
