
Microsoft Visual Studio Solution File, Format Version 12.00
# Visual Studio 15
VisualStudioVersion = 15.0.28307.168
MinimumVisualStudioVersion = 10.0.40219.1
Project("{FAE04EC0-301F-11D3-BF4B-00C04F79EFBC}") = "Ex01", "questao1\questao1\Ex01.csproj", "{84D95C78-2EA8-43A6-B7E1-9D7B61CDCB9D}"
EndProject
Project("{FAE04EC0-301F-11D3-BF4B-00C04F79EFBC}") = "Ex02.1", "q2\Ex02.1.csproj", "{D17704E5-D594-4DFD-8CAD-4F2B4FD074FB}"
EndProject
Project("{FAE04EC0-301F-11D3-BF4B-00C04F79EFBC}") = "Ex05", "q3\Ex05.csproj", "{A171FE6B-4FDB-4B50-9FD3-07A2DA914212}"
EndProject
Project("{FAE04EC0-301F-11D3-BF4B-00C04F79EFBC}") = "Ex06", "..\..\..\..\..\Documents\Lista16_\Ex06\Ex06.csproj", "{161FC8B5-880E-445D-8400-1BEDD2E264AF}"
EndProject
Project("{FAE04EC0-301F-11D3-BF4B-00C04F79EFBC}") = "Ex04", "..\..\..\..\..\Documents\Lista16_\Ex04\Ex04.csproj", "{34801E11-8AF3-457F-BCB1-C86472961CFF}"
EndProject
Project("{FAE04EC0-301F-11D3-BF4B-00C04F79EFBC}") = "Ex02", "..\..\..\..\..\Documents\Lista16_\Ex02\Ex02.csproj", "{4651B2CD-CA11-413A-8F41-5DD52C65F4CA}"
EndProject
Project("{FAE04EC0-301F-11D3-BF4B-00C04F79EFBC}") = "Ex07", "Ex07\Ex07.csproj", "{0A0ACCB1-F5BD-4627-B9BF-F7096F8F5687}"
EndProject
Project("{FAE04EC0-301F-11D3-BF4B-00C04F79EFBC}") = "WpfApp1", "WpfApp1\WpfApp1.csproj", "{4E4AB1DE-2D7F-4A07-9910-EC1A452AC2E5}"
EndProject
Project("{FAE04EC0-301F-11D3-BF4B-00C04F79EFBC}") = "Ex08", "Ex08\Ex08.csproj", "{3BEE87AC-C49D-4A83-B763-633CF1E8C81F}"
EndProject
Global
	GlobalSection(SolutionConfigurationPlatforms) = preSolution
		Debug|Any CPU = Debug|Any CPU
		Debug|ARM = Debug|ARM
		Debug|ARM64 = Debug|ARM64
		Debug|x64 = Debug|x64
		Debug|x86 = Debug|x86
		Release|Any CPU = Release|Any CPU
		Release|ARM = Release|ARM
		Release|ARM64 = Release|ARM64
		Release|x64 = Release|x64
		Release|x86 = Release|x86
	EndGlobalSection
	GlobalSection(ProjectConfigurationPlatforms) = postSolution
		{84D95C78-2EA8-43A6-B7E1-9D7B61CDCB9D}.Debug|Any CPU.ActiveCfg = Debug|Any CPU
		{84D95C78-2EA8-43A6-B7E1-9D7B61CDCB9D}.Debug|Any CPU.Build.0 = Debug|Any CPU
		{84D95C78-2EA8-43A6-B7E1-9D7B61CDCB9D}.Debug|ARM.ActiveCfg = Debug|Any CPU
		{84D95C78-2EA8-43A6-B7E1-9D7B61CDCB9D}.Debug|ARM.Build.0 = Debug|Any CPU
		{84D95C78-2EA8-43A6-B7E1-9D7B61CDCB9D}.Debug|ARM64.ActiveCfg = Debug|Any CPU
		{84D95C78-2EA8-43A6-B7E1-9D7B61CDCB9D}.Debug|ARM64.Build.0 = Debug|Any CPU
		{84D95C78-2EA8-43A6-B7E1-9D7B61CDCB9D}.Debug|x64.ActiveCfg = Debug|Any CPU
		{84D95C78-2EA8-43A6-B7E1-9D7B61CDCB9D}.Debug|x64.Build.0 = Debug|Any CPU
		{84D95C78-2EA8-43A6-B7E1-9D7B61CDCB9D}.Debug|x86.ActiveCfg = Debug|Any CPU
		{84D95C78-2EA8-43A6-B7E1-9D7B61CDCB9D}.Debug|x86.Build.0 = Debug|Any CPU
		{84D95C78-2EA8-43A6-B7E1-9D7B61CDCB9D}.Release|Any CPU.ActiveCfg = Release|Any CPU
		{84D95C78-2EA8-43A6-B7E1-9D7B61CDCB9D}.Release|Any CPU.Build.0 = Release|Any CPU
		{84D95C78-2EA8-43A6-B7E1-9D7B61CDCB9D}.Release|ARM.ActiveCfg = Release|Any CPU
		{84D95C78-2EA8-43A6-B7E1-9D7B61CDCB9D}.Release|ARM.Build.0 = Release|Any CPU
		{84D95C78-2EA8-43A6-B7E1-9D7B61CDCB9D}.Release|ARM64.ActiveCfg = Release|Any CPU
		{84D95C78-2EA8-43A6-B7E1-9D7B61CDCB9D}.Release|ARM64.Build.0 = Release|Any CPU
		{84D95C78-2EA8-43A6-B7E1-9D7B61CDCB9D}.Release|x64.ActiveCfg = Release|Any CPU
		{84D95C78-2EA8-43A6-B7E1-9D7B61CDCB9D}.Release|x64.Build.0 = Release|Any CPU
		{84D95C78-2EA8-43A6-B7E1-9D7B61CDCB9D}.Release|x86.ActiveCfg = Release|Any CPU
		{84D95C78-2EA8-43A6-B7E1-9D7B61CDCB9D}.Release|x86.Build.0 = Release|Any CPU
		{D17704E5-D594-4DFD-8CAD-4F2B4FD074FB}.Debug|Any CPU.ActiveCfg = Debug|Any CPU
		{D17704E5-D594-4DFD-8CAD-4F2B4FD074FB}.Debug|Any CPU.Build.0 = Debug|Any CPU
		{D17704E5-D594-4DFD-8CAD-4F2B4FD074FB}.Debug|ARM.ActiveCfg = Debug|Any CPU
		{D17704E5-D594-4DFD-8CAD-4F2B4FD074FB}.Debug|ARM.Build.0 = Debug|Any CPU
		{D17704E5-D594-4DFD-8CAD-4F2B4FD074FB}.Debug|ARM64.ActiveCfg = Debug|Any CPU
		{D17704E5-D594-4DFD-8CAD-4F2B4FD074FB}.Debug|ARM64.Build.0 = Debug|Any CPU
		{D17704E5-D594-4DFD-8CAD-4F2B4FD074FB}.Debug|x64.ActiveCfg = Debug|Any CPU
		{D17704E5-D594-4DFD-8CAD-4F2B4FD074FB}.Debug|x64.Build.0 = Debug|Any CPU
		{D17704E5-D594-4DFD-8CAD-4F2B4FD074FB}.Debug|x86.ActiveCfg = Debug|Any CPU
		{D17704E5-D594-4DFD-8CAD-4F2B4FD074FB}.Debug|x86.Build.0 = Debug|Any CPU
		{D17704E5-D594-4DFD-8CAD-4F2B4FD074FB}.Release|Any CPU.ActiveCfg = Release|Any CPU
		{D17704E5-D594-4DFD-8CAD-4F2B4FD074FB}.Release|Any CPU.Build.0 = Release|Any CPU
		{D17704E5-D594-4DFD-8CAD-4F2B4FD074FB}.Release|ARM.ActiveCfg = Release|Any CPU
		{D17704E5-D594-4DFD-8CAD-4F2B4FD074FB}.Release|ARM.Build.0 = Release|Any CPU
		{D17704E5-D594-4DFD-8CAD-4F2B4FD074FB}.Release|ARM64.ActiveCfg = Release|Any CPU
		{D17704E5-D594-4DFD-8CAD-4F2B4FD074FB}.Release|ARM64.Build.0 = Release|Any CPU
		{D17704E5-D594-4DFD-8CAD-4F2B4FD074FB}.Release|x64.ActiveCfg = Release|Any CPU
		{D17704E5-D594-4DFD-8CAD-4F2B4FD074FB}.Release|x64.Build.0 = Release|Any CPU
		{D17704E5-D594-4DFD-8CAD-4F2B4FD074FB}.Release|x86.ActiveCfg = Release|Any CPU
		{D17704E5-D594-4DFD-8CAD-4F2B4FD074FB}.Release|x86.Build.0 = Release|Any CPU
		{A171FE6B-4FDB-4B50-9FD3-07A2DA914212}.Debug|Any CPU.ActiveCfg = Debug|Any CPU
		{A171FE6B-4FDB-4B50-9FD3-07A2DA914212}.Debug|Any CPU.Build.0 = Debug|Any CPU
		{A171FE6B-4FDB-4B50-9FD3-07A2DA914212}.Debug|ARM.ActiveCfg = Debug|Any CPU
		{A171FE6B-4FDB-4B50-9FD3-07A2DA914212}.Debug|ARM.Build.0 = Debug|Any CPU
		{A171FE6B-4FDB-4B50-9FD3-07A2DA914212}.Debug|ARM64.ActiveCfg = Debug|Any CPU
		{A171FE6B-4FDB-4B50-9FD3-07A2DA914212}.Debug|ARM64.Build.0 = Debug|Any CPU
		{A171FE6B-4FDB-4B50-9FD3-07A2DA914212}.Debug|x64.ActiveCfg = Debug|Any CPU
		{A171FE6B-4FDB-4B50-9FD3-07A2DA914212}.Debug|x64.Build.0 = Debug|Any CPU
		{A171FE6B-4FDB-4B50-9FD3-07A2DA914212}.Debug|x86.ActiveCfg = Debug|Any CPU
		{A171FE6B-4FDB-4B50-9FD3-07A2DA914212}.Debug|x86.Build.0 = Debug|Any CPU
		{A171FE6B-4FDB-4B50-9FD3-07A2DA914212}.Release|Any CPU.ActiveCfg = Release|Any CPU
		{A171FE6B-4FDB-4B50-9FD3-07A2DA914212}.Release|Any CPU.Build.0 = Release|Any CPU
		{A171FE6B-4FDB-4B50-9FD3-07A2DA914212}.Release|ARM.ActiveCfg = Release|Any CPU
		{A171FE6B-4FDB-4B50-9FD3-07A2DA914212}.Release|ARM.Build.0 = Release|Any CPU
		{A171FE6B-4FDB-4B50-9FD3-07A2DA914212}.Release|ARM64.ActiveCfg = Release|Any CPU
		{A171FE6B-4FDB-4B50-9FD3-07A2DA914212}.Release|ARM64.Build.0 = Release|Any CPU
		{A171FE6B-4FDB-4B50-9FD3-07A2DA914212}.Release|x64.ActiveCfg = Release|Any CPU
		{A171FE6B-4FDB-4B50-9FD3-07A2DA914212}.Release|x64.Build.0 = Release|Any CPU
		{A171FE6B-4FDB-4B50-9FD3-07A2DA914212}.Release|x86.ActiveCfg = Release|Any CPU
		{A171FE6B-4FDB-4B50-9FD3-07A2DA914212}.Release|x86.Build.0 = Release|Any CPU
		{161FC8B5-880E-445D-8400-1BEDD2E264AF}.Debug|Any CPU.ActiveCfg = Debug|Any CPU
		{161FC8B5-880E-445D-8400-1BEDD2E264AF}.Debug|Any CPU.Build.0 = Debug|Any CPU
		{161FC8B5-880E-445D-8400-1BEDD2E264AF}.Debug|ARM.ActiveCfg = Debug|Any CPU
		{161FC8B5-880E-445D-8400-1BEDD2E264AF}.Debug|ARM.Build.0 = Debug|Any CPU
		{161FC8B5-880E-445D-8400-1BEDD2E264AF}.Debug|ARM64.ActiveCfg = Debug|Any CPU
		{161FC8B5-880E-445D-8400-1BEDD2E264AF}.Debug|ARM64.Build.0 = Debug|Any CPU
		{161FC8B5-880E-445D-8400-1BEDD2E264AF}.Debug|x64.ActiveCfg = Debug|Any CPU
		{161FC8B5-880E-445D-8400-1BEDD2E264AF}.Debug|x64.Build.0 = Debug|Any CPU
		{161FC8B5-880E-445D-8400-1BEDD2E264AF}.Debug|x86.ActiveCfg = Debug|Any CPU
		{161FC8B5-880E-445D-8400-1BEDD2E264AF}.Debug|x86.Build.0 = Debug|Any CPU
		{161FC8B5-880E-445D-8400-1BEDD2E264AF}.Release|Any CPU.ActiveCfg = Release|Any CPU
		{161FC8B5-880E-445D-8400-1BEDD2E264AF}.Release|Any CPU.Build.0 = Release|Any CPU
		{161FC8B5-880E-445D-8400-1BEDD2E264AF}.Release|ARM.ActiveCfg = Release|Any CPU
		{161FC8B5-880E-445D-8400-1BEDD2E264AF}.Release|ARM.Build.0 = Release|Any CPU
		{161FC8B5-880E-445D-8400-1BEDD2E264AF}.Release|ARM64.ActiveCfg = Release|Any CPU
		{161FC8B5-880E-445D-8400-1BEDD2E264AF}.Release|ARM64.Build.0 = Release|Any CPU
		{161FC8B5-880E-445D-8400-1BEDD2E264AF}.Release|x64.ActiveCfg = Release|Any CPU
		{161FC8B5-880E-445D-8400-1BEDD2E264AF}.Release|x64.Build.0 = Release|Any CPU
		{161FC8B5-880E-445D-8400-1BEDD2E264AF}.Release|x86.ActiveCfg = Release|Any CPU
		{161FC8B5-880E-445D-8400-1BEDD2E264AF}.Release|x86.Build.0 = Release|Any CPU
		{34801E11-8AF3-457F-BCB1-C86472961CFF}.Debug|Any CPU.ActiveCfg = Debug|Any CPU
		{34801E11-8AF3-457F-BCB1-C86472961CFF}.Debug|Any CPU.Build.0 = Debug|Any CPU
		{34801E11-8AF3-457F-BCB1-C86472961CFF}.Debug|ARM.ActiveCfg = Debug|Any CPU
		{34801E11-8AF3-457F-BCB1-C86472961CFF}.Debug|ARM.Build.0 = Debug|Any CPU
		{34801E11-8AF3-457F-BCB1-C86472961CFF}.Debug|ARM64.ActiveCfg = Debug|Any CPU
		{34801E11-8AF3-457F-BCB1-C86472961CFF}.Debug|ARM64.Build.0 = Debug|Any CPU
		{34801E11-8AF3-457F-BCB1-C86472961CFF}.Debug|x64.ActiveCfg = Debug|Any CPU
		{34801E11-8AF3-457F-BCB1-C86472961CFF}.Debug|x64.Build.0 = Debug|Any CPU
		{34801E11-8AF3-457F-BCB1-C86472961CFF}.Debug|x86.ActiveCfg = Debug|Any CPU
		{34801E11-8AF3-457F-BCB1-C86472961CFF}.Debug|x86.Build.0 = Debug|Any CPU
		{34801E11-8AF3-457F-BCB1-C86472961CFF}.Release|Any CPU.ActiveCfg = Release|Any CPU
		{34801E11-8AF3-457F-BCB1-C86472961CFF}.Release|Any CPU.Build.0 = Release|Any CPU
		{34801E11-8AF3-457F-BCB1-C86472961CFF}.Release|ARM.ActiveCfg = Release|Any CPU
		{34801E11-8AF3-457F-BCB1-C86472961CFF}.Release|ARM.Build.0 = Release|Any CPU
		{34801E11-8AF3-457F-BCB1-C86472961CFF}.Release|ARM64.ActiveCfg = Release|Any CPU
		{34801E11-8AF3-457F-BCB1-C86472961CFF}.Release|ARM64.Build.0 = Release|Any CPU
		{34801E11-8AF3-457F-BCB1-C86472961CFF}.Release|x64.ActiveCfg = Release|Any CPU
		{34801E11-8AF3-457F-BCB1-C86472961CFF}.Release|x64.Build.0 = Release|Any CPU
		{34801E11-8AF3-457F-BCB1-C86472961CFF}.Release|x86.ActiveCfg = Release|Any CPU
		{34801E11-8AF3-457F-BCB1-C86472961CFF}.Release|x86.Build.0 = Release|Any CPU
		{4651B2CD-CA11-413A-8F41-5DD52C65F4CA}.Debug|Any CPU.ActiveCfg = Debug|Any CPU
		{4651B2CD-CA11-413A-8F41-5DD52C65F4CA}.Debug|Any CPU.Build.0 = Debug|Any CPU
		{4651B2CD-CA11-413A-8F41-5DD52C65F4CA}.Debug|ARM.ActiveCfg = Debug|Any CPU
		{4651B2CD-CA11-413A-8F41-5DD52C65F4CA}.Debug|ARM.Build.0 = Debug|Any CPU
		{4651B2CD-CA11-413A-8F41-5DD52C65F4CA}.Debug|ARM64.ActiveCfg = Debug|Any CPU
		{4651B2CD-CA11-413A-8F41-5DD52C65F4CA}.Debug|ARM64.Build.0 = Debug|Any CPU
		{4651B2CD-CA11-413A-8F41-5DD52C65F4CA}.Debug|x64.ActiveCfg = Debug|Any CPU
		{4651B2CD-CA11-413A-8F41-5DD52C65F4CA}.Debug|x64.Build.0 = Debug|Any CPU
		{4651B2CD-CA11-413A-8F41-5DD52C65F4CA}.Debug|x86.ActiveCfg = Debug|Any CPU
		{4651B2CD-CA11-413A-8F41-5DD52C65F4CA}.Debug|x86.Build.0 = Debug|Any CPU
		{4651B2CD-CA11-413A-8F41-5DD52C65F4CA}.Release|Any CPU.ActiveCfg = Release|Any CPU
		{4651B2CD-CA11-413A-8F41-5DD52C65F4CA}.Release|Any CPU.Build.0 = Release|Any CPU
		{4651B2CD-CA11-413A-8F41-5DD52C65F4CA}.Release|ARM.ActiveCfg = Release|Any CPU
		{4651B2CD-CA11-413A-8F41-5DD52C65F4CA}.Release|ARM.Build.0 = Release|Any CPU
		{4651B2CD-CA11-413A-8F41-5DD52C65F4CA}.Release|ARM64.ActiveCfg = Release|Any CPU
		{4651B2CD-CA11-413A-8F41-5DD52C65F4CA}.Release|ARM64.Build.0 = Release|Any CPU
		{4651B2CD-CA11-413A-8F41-5DD52C65F4CA}.Release|x64.ActiveCfg = Release|Any CPU
		{4651B2CD-CA11-413A-8F41-5DD52C65F4CA}.Release|x64.Build.0 = Release|Any CPU
		{4651B2CD-CA11-413A-8F41-5DD52C65F4CA}.Release|x86.ActiveCfg = Release|Any CPU
		{4651B2CD-CA11-413A-8F41-5DD52C65F4CA}.Release|x86.Build.0 = Release|Any CPU
		{0A0ACCB1-F5BD-4627-B9BF-F7096F8F5687}.Debug|Any CPU.ActiveCfg = Debug|Any CPU
		{0A0ACCB1-F5BD-4627-B9BF-F7096F8F5687}.Debug|Any CPU.Build.0 = Debug|Any CPU
		{0A0ACCB1-F5BD-4627-B9BF-F7096F8F5687}.Debug|ARM.ActiveCfg = Debug|Any CPU
		{0A0ACCB1-F5BD-4627-B9BF-F7096F8F5687}.Debug|ARM.Build.0 = Debug|Any CPU
		{0A0ACCB1-F5BD-4627-B9BF-F7096F8F5687}.Debug|ARM64.ActiveCfg = Debug|Any CPU
		{0A0ACCB1-F5BD-4627-B9BF-F7096F8F5687}.Debug|ARM64.Build.0 = Debug|Any CPU
		{0A0ACCB1-F5BD-4627-B9BF-F7096F8F5687}.Debug|x64.ActiveCfg = Debug|Any CPU
		{0A0ACCB1-F5BD-4627-B9BF-F7096F8F5687}.Debug|x64.Build.0 = Debug|Any CPU
		{0A0ACCB1-F5BD-4627-B9BF-F7096F8F5687}.Debug|x86.ActiveCfg = Debug|Any CPU
		{0A0ACCB1-F5BD-4627-B9BF-F7096F8F5687}.Debug|x86.Build.0 = Debug|Any CPU
		{0A0ACCB1-F5BD-4627-B9BF-F7096F8F5687}.Release|Any CPU.ActiveCfg = Release|Any CPU
		{0A0ACCB1-F5BD-4627-B9BF-F7096F8F5687}.Release|Any CPU.Build.0 = Release|Any CPU
		{0A0ACCB1-F5BD-4627-B9BF-F7096F8F5687}.Release|ARM.ActiveCfg = Release|Any CPU
		{0A0ACCB1-F5BD-4627-B9BF-F7096F8F5687}.Release|ARM.Build.0 = Release|Any CPU
		{0A0ACCB1-F5BD-4627-B9BF-F7096F8F5687}.Release|ARM64.ActiveCfg = Release|Any CPU
		{0A0ACCB1-F5BD-4627-B9BF-F7096F8F5687}.Release|ARM64.Build.0 = Release|Any CPU
		{0A0ACCB1-F5BD-4627-B9BF-F7096F8F5687}.Release|x64.ActiveCfg = Release|Any CPU
		{0A0ACCB1-F5BD-4627-B9BF-F7096F8F5687}.Release|x64.Build.0 = Release|Any CPU
		{0A0ACCB1-F5BD-4627-B9BF-F7096F8F5687}.Release|x86.ActiveCfg = Release|Any CPU
		{0A0ACCB1-F5BD-4627-B9BF-F7096F8F5687}.Release|x86.Build.0 = Release|Any CPU
		{4E4AB1DE-2D7F-4A07-9910-EC1A452AC2E5}.Debug|Any CPU.ActiveCfg = Debug|Any CPU
		{4E4AB1DE-2D7F-4A07-9910-EC1A452AC2E5}.Debug|Any CPU.Build.0 = Debug|Any CPU
		{4E4AB1DE-2D7F-4A07-9910-EC1A452AC2E5}.Debug|ARM.ActiveCfg = Debug|Any CPU
		{4E4AB1DE-2D7F-4A07-9910-EC1A452AC2E5}.Debug|ARM.Build.0 = Debug|Any CPU
		{4E4AB1DE-2D7F-4A07-9910-EC1A452AC2E5}.Debug|ARM64.ActiveCfg = Debug|Any CPU
		{4E4AB1DE-2D7F-4A07-9910-EC1A452AC2E5}.Debug|ARM64.Build.0 = Debug|Any CPU
		{4E4AB1DE-2D7F-4A07-9910-EC1A452AC2E5}.Debug|x64.ActiveCfg = Debug|Any CPU
		{4E4AB1DE-2D7F-4A07-9910-EC1A452AC2E5}.Debug|x64.Build.0 = Debug|Any CPU
		{4E4AB1DE-2D7F-4A07-9910-EC1A452AC2E5}.Debug|x86.ActiveCfg = Debug|Any CPU
		{4E4AB1DE-2D7F-4A07-9910-EC1A452AC2E5}.Debug|x86.Build.0 = Debug|Any CPU
		{4E4AB1DE-2D7F-4A07-9910-EC1A452AC2E5}.Release|Any CPU.ActiveCfg = Release|Any CPU
		{4E4AB1DE-2D7F-4A07-9910-EC1A452AC2E5}.Release|Any CPU.Build.0 = Release|Any CPU
		{4E4AB1DE-2D7F-4A07-9910-EC1A452AC2E5}.Release|ARM.ActiveCfg = Release|Any CPU
		{4E4AB1DE-2D7F-4A07-9910-EC1A452AC2E5}.Release|ARM.Build.0 = Release|Any CPU
		{4E4AB1DE-2D7F-4A07-9910-EC1A452AC2E5}.Release|ARM64.ActiveCfg = Release|Any CPU
		{4E4AB1DE-2D7F-4A07-9910-EC1A452AC2E5}.Release|ARM64.Build.0 = Release|Any CPU
		{4E4AB1DE-2D7F-4A07-9910-EC1A452AC2E5}.Release|x64.ActiveCfg = Release|Any CPU
		{4E4AB1DE-2D7F-4A07-9910-EC1A452AC2E5}.Release|x64.Build.0 = Release|Any CPU
		{4E4AB1DE-2D7F-4A07-9910-EC1A452AC2E5}.Release|x86.ActiveCfg = Release|Any CPU
		{4E4AB1DE-2D7F-4A07-9910-EC1A452AC2E5}.Release|x86.Build.0 = Release|Any CPU
		{3BEE87AC-C49D-4A83-B763-633CF1E8C81F}.Debug|Any CPU.ActiveCfg = Debug|Any CPU
		{3BEE87AC-C49D-4A83-B763-633CF1E8C81F}.Debug|Any CPU.Build.0 = Debug|Any CPU
		{3BEE87AC-C49D-4A83-B763-633CF1E8C81F}.Debug|ARM.ActiveCfg = Debug|Any CPU
		{3BEE87AC-C49D-4A83-B763-633CF1E8C81F}.Debug|ARM.Build.0 = Debug|Any CPU
		{3BEE87AC-C49D-4A83-B763-633CF1E8C81F}.Debug|ARM64.ActiveCfg = Debug|Any CPU
		{3BEE87AC-C49D-4A83-B763-633CF1E8C81F}.Debug|ARM64.Build.0 = Debug|Any CPU
		{3BEE87AC-C49D-4A83-B763-633CF1E8C81F}.Debug|x64.ActiveCfg = Debug|Any CPU
		{3BEE87AC-C49D-4A83-B763-633CF1E8C81F}.Debug|x64.Build.0 = Debug|Any CPU
		{3BEE87AC-C49D-4A83-B763-633CF1E8C81F}.Debug|x86.ActiveCfg = Debug|Any CPU
		{3BEE87AC-C49D-4A83-B763-633CF1E8C81F}.Debug|x86.Build.0 = Debug|Any CPU
		{3BEE87AC-C49D-4A83-B763-633CF1E8C81F}.Release|Any CPU.ActiveCfg = Release|Any CPU
		{3BEE87AC-C49D-4A83-B763-633CF1E8C81F}.Release|Any CPU.Build.0 = Release|Any CPU
		{3BEE87AC-C49D-4A83-B763-633CF1E8C81F}.Release|ARM.ActiveCfg = Release|Any CPU
		{3BEE87AC-C49D-4A83-B763-633CF1E8C81F}.Release|ARM.Build.0 = Release|Any CPU
		{3BEE87AC-C49D-4A83-B763-633CF1E8C81F}.Release|ARM64.ActiveCfg = Release|Any CPU
		{3BEE87AC-C49D-4A83-B763-633CF1E8C81F}.Release|ARM64.Build.0 = Release|Any CPU
		{3BEE87AC-C49D-4A83-B763-633CF1E8C81F}.Release|x64.ActiveCfg = Release|Any CPU
		{3BEE87AC-C49D-4A83-B763-633CF1E8C81F}.Release|x64.Build.0 = Release|Any CPU
		{3BEE87AC-C49D-4A83-B763-633CF1E8C81F}.Release|x86.ActiveCfg = Release|Any CPU
		{3BEE87AC-C49D-4A83-B763-633CF1E8C81F}.Release|x86.Build.0 = Release|Any CPU
	EndGlobalSection
	GlobalSection(SolutionProperties) = preSolution
		HideSolutionNode = FALSE
	EndGlobalSection
	GlobalSection(ExtensibilityGlobals) = postSolution
		SolutionGuid = {D6F367DB-FE22-495B-8D16-7DBD4697733A}
	EndGlobalSection
EndGlobal
